
Microsoft Visual Studio Solution File, Format Version 12.00
# Visual Studio 15
Project("{FAE04EC0-301F-11D3-BF4B-00C04F79EFBC}") = "Singleton", "Singleton\Singleton.csproj", "{A964E6A7-E5BE-4235-9B30-87901DC7637E}"
EndProject
Project("{FAE04EC0-301F-11D3-BF4B-00C04F79EFBC}") = "Factory", "Factory\Factory.csproj", "{9C774478-8548-421A-BF29-D97EBC6F98C6}"
EndProject
Global
	GlobalSection(SolutionConfigurationPlatforms) = preSolution
		Debug|x86 = Debug|x86
		Release|x86 = Release|x86
	EndGlobalSection
	GlobalSection(ProjectConfigurationPlatforms) = postSolution
		{A964E6A7-E5BE-4235-9B30-87901DC7637E}.Debug|x86.ActiveCfg = Debug|x86
		{A964E6A7-E5BE-4235-9B30-87901DC7637E}.Debug|x86.Build.0 = Debug|x86
		{A964E6A7-E5BE-4235-9B30-87901DC7637E}.Release|x86.ActiveCfg = Release|x86
		{A964E6A7-E5BE-4235-9B30-87901DC7637E}.Release|x86.Build.0 = Release|x86
		{9C774478-8548-421A-BF29-D97EBC6F98C6}.Debug|x86.ActiveCfg = Debug|x86
		{9C774478-8548-421A-BF29-D97EBC6F98C6}.Debug|x86.Build.0 = Debug|x86
		{9C774478-8548-421A-BF29-D97EBC6F98C6}.Release|x86.ActiveCfg = Release|x86
		{9C774478-8548-421A-BF29-D97EBC6F98C6}.Release|x86.Build.0 = Release|x86
	EndGlobalSection
EndGlobal
